
Microsoft Visual Studio Solution File, Format Version 12.00
# Visual Studio Version 16
VisualStudioVersion = 16.0.30114.105
MinimumVisualStudioVersion = 10.0.40219.1
Project("{9A19103F-16F7-4668-BE54-9A1E7A4F7556}") = "XenaTech.CalPids.LKPApi", "XenaTech.CalPids.LKPApi\XenaTech.CalPids.LKPApi.csproj", "{28A4ED08-2EF8-4920-BBE6-5AC1A6CC022A}"
EndProject
Project("{9A19103F-16F7-4668-BE54-9A1E7A4F7556}") = "XenaTech.CalPids.LKPApi.Contracts", "XenaTech.CalPids.LKPApi.Contracts\XenaTech.CalPids.LKPApi.Contracts.csproj", "{DD970AA2-8BB7-4932-ABD1-DF1173DE5DFC}"
EndProject
Global
	GlobalSection(SolutionConfigurationPlatforms) = preSolution
		Debug|Any CPU = Debug|Any CPU
		Release|Any CPU = Release|Any CPU
	EndGlobalSection
	GlobalSection(ProjectConfigurationPlatforms) = postSolution
		{28A4ED08-2EF8-4920-BBE6-5AC1A6CC022A}.Debug|Any CPU.ActiveCfg = Debug|Any CPU
		{28A4ED08-2EF8-4920-BBE6-5AC1A6CC022A}.Debug|Any CPU.Build.0 = Debug|Any CPU
		{28A4ED08-2EF8-4920-BBE6-5AC1A6CC022A}.Release|Any CPU.ActiveCfg = Release|Any CPU
		{28A4ED08-2EF8-4920-BBE6-5AC1A6CC022A}.Release|Any CPU.Build.0 = Release|Any CPU
		{DD970AA2-8BB7-4932-ABD1-DF1173DE5DFC}.Debug|Any CPU.ActiveCfg = Debug|Any CPU
		{DD970AA2-8BB7-4932-ABD1-DF1173DE5DFC}.Debug|Any CPU.Build.0 = Debug|Any CPU
		{DD970AA2-8BB7-4932-ABD1-DF1173DE5DFC}.Release|Any CPU.ActiveCfg = Release|Any CPU
		{DD970AA2-8BB7-4932-ABD1-DF1173DE5DFC}.Release|Any CPU.Build.0 = Release|Any CPU
	EndGlobalSection
	GlobalSection(SolutionProperties) = preSolution
		HideSolutionNode = FALSE
	EndGlobalSection
	GlobalSection(ExtensibilityGlobals) = postSolution
		SolutionGuid = {C627AFE4-D35C-4E5D-B249-437455CBBFB3}
	EndGlobalSection
EndGlobal
